// !$*UTF8*$!
{
	archiveVersion = 1;
	classes = {
	};
	objectVersion = 46;
	objects = {

/* Begin PBXBuildFile section */
		AC9B19B81CFE1F7900AD17E6 /* main.cpp in Sources */ = {isa = PBXBuildFile; fileRef = AC9B19B71CFE1F7900AD17E6 /* main.cpp */; };
		AC9B19C01CFE202B00AD17E6 /* kth.cpp in Sources */ = {isa = PBXBuildFile; fileRef = AC9B19BE1CFE202B00AD17E6 /* kth.cpp */; };
		AC9B19C31CFE207E00AD17E6 /* nCr.cpp in Sources */ = {isa = PBXBuildFile; fileRef = AC9B19C11CFE207E00AD17E6 /* nCr.cpp */; };
/* End PBXBuildFile section */

/* Begin PBXCopyFilesBuildPhase section */
		AC9B19B21CFE1F7900AD17E6 /* CopyFiles */ = {
			isa = PBXCopyFilesBuildPhase;
			buildActionMask = 2147483647;
			dstPath = /usr/share/man/man1/;
			dstSubfolderSpec = 0;
			files = (
			);
			runOnlyForDeploymentPostprocessing = 1;
		};
/* End PBXCopyFilesBuildPhase section */

/* Begin PBXFileReference section */
		AC9B19B41CFE1F7900AD17E6 /* CMPT307PermutationGeneration */ = {isa = PBXFileReference; explicitFileType = "compiled.mach-o.executable"; includeInIndex = 0; path = CMPT307PermutationGeneration; sourceTree = BUILT_PRODUCTS_DIR; };
		AC9B19B71CFE1F7900AD17E6 /* main.cpp */ = {isa = PBXFileReference; lastKnownFileType = sourcecode.cpp.cpp; path = main.cpp; sourceTree = "<group>"; };
		AC9B19BE1CFE202B00AD17E6 /* kth.cpp */ = {isa = PBXFileReference; fileEncoding = 4; lastKnownFileType = sourcecode.cpp.cpp; path = kth.cpp; sourceTree = "<group>"; };
		AC9B19BF1CFE202B00AD17E6 /* kth.h */ = {isa = PBXFileReference; fileEncoding = 4; lastKnownFileType = sourcecode.c.h; path = kth.h; sourceTree = "<group>"; };
		AC9B19C11CFE207E00AD17E6 /* nCr.cpp */ = {isa = PBXFileReference; fileEncoding = 4; lastKnownFileType = sourcecode.cpp.cpp; path = nCr.cpp; sourceTree = "<group>"; };
		AC9B19C21CFE207E00AD17E6 /* nCr.h */ = {isa = PBXFileReference; fileEncoding = 4; lastKnownFileType = sourcecode.c.h; path = nCr.h; sourceTree = "<group>"; };
/* End PBXFileReference section */

/* Begin PBXFrameworksBuildPhase section */
		AC9B19B11CFE1F7900AD17E6 /* Frameworks */ = {
			isa = PBXFrameworksBuildPhase;
			buildActionMask = 2147483647;
			files = (
			);
			runOnlyForDeploymentPostprocessing = 0;
		};
/* End PBXFrameworksBuildPhase section */

/* Begin PBXGroup section */
		AC9B19AB1CFE1F7900AD17E6 = {
			isa = PBXGroup;
			children = (
				AC9B19B61CFE1F7900AD17E6 /* CMPT307PermutationGeneration */,
				AC9B19B51CFE1F7900AD17E6 /* Products */,
			);
			sourceTree = "<group>";
		};
		AC9B19B51CFE1F7900AD17E6 /* Products */ = {
			isa = PBXGroup;
			children = (
				AC9B19B41CFE1F7900AD17E6 /* CMPT307PermutationGeneration */,
			);
			name = Products;
			sourceTree = "<group>";
		};
		AC9B19B61CFE1F7900AD17E6 /* CMPT307PermutationGeneration */ = {
			isa = PBXGroup;
			children = (
				AC9B19B71CFE1F7900AD17E6 /* main.cpp */,
				AC9B19C11CFE207E00AD17E6 /* nCr.cpp */,
				AC9B19C21CFE207E00AD17E6 /* nCr.h */,
				AC9B19BE1CFE202B00AD17E6 /* kth.cpp */,
				AC9B19BF1CFE202B00AD17E6 /* kth.h */,
			);
			path = CMPT307PermutationGeneration;
			sourceTree = "<group>";
		};
/* End PBXGroup section */

/* Begin PBXNativeTarget section */
		AC9B19B31CFE1F7900AD17E6 /* CMPT307PermutationGeneration */ = {
			isa = PBXNativeTarget;
			buildConfigurationList = AC9B19BB1CFE1F7900AD17E6 /* Build configuration list for PBXNativeTarget "CMPT307PermutationGeneration" */;
			buildPhases = (
				AC9B19B01CFE1F7900AD17E6 /* Sources */,
				AC9B19B11CFE1F7900AD17E6 /* Frameworks */,
				AC9B19B21CFE1F7900AD17E6 /* CopyFiles */,
			);
			buildRules = (
			);
			dependencies = (
			);
			name = CMPT307PermutationGeneration;
			productName = CMPT307PermutationGeneration;
			productReference = AC9B19B41CFE1F7900AD17E6 /* CMPT307PermutationGeneration */;
			productType = "com.apple.product-type.tool";
		};
/* End PBXNativeTarget section */

/* Begin PBXProject section */
		AC9B19AC1CFE1F7900AD17E6 /* Project object */ = {
			isa = PBXProject;
			attributes = {
				LastUpgradeCheck = 0630;
				ORGANIZATIONNAME = "Kai Zhang";
				TargetAttributes = {
					AC9B19B31CFE1F7900AD17E6 = {
						CreatedOnToolsVersion = 6.3;
					};
				};
			};
			buildConfigurationList = AC9B19AF1CFE1F7900AD17E6 /* Build configuration list for PBXProject "CMPT307PermutationGeneration" */;
			compatibilityVersion = "Xcode 3.2";
			developmentRegion = English;
			hasScannedForEncodings = 0;
			knownRegions = (
				en,
			);
			mainGroup = AC9B19AB1CFE1F7900AD17E6;
			productRefGroup = AC9B19B51CFE1F7900AD17E6 /* Products */;
			projectDirPath = "";
			projectRoot = "";
			targets = (
				AC9B19B31CFE1F7900AD17E6 /* CMPT307PermutationGeneration */,
			);
		};
/* End PBXProject section */

/* Begin PBXSourcesBuildPhase section */
		AC9B19B01CFE1F7900AD17E6 /* Sources */ = {
			isa = PBXSourcesBuildPhase;
			buildActionMask = 2147483647;
			files = (
				AC9B19C31CFE207E00AD17E6 /* nCr.cpp in Sources */,
				AC9B19B81CFE1F7900AD17E6 /* main.cpp in Sources */,
				AC9B19C01CFE202B00AD17E6 /* kth.cpp in Sources */,
			);
			runOnlyForDeploymentPostprocessing = 0;
		};
/* End PBXSourcesBuildPhase section */

/* Begin XCBuildConfiguration section */
		AC9B19B91CFE1F7900AD17E6 /* Debug */ = {
			isa = XCBuildConfiguration;
			buildSettings = {
				ALWAYS_SEARCH_USER_PATHS = NO;
				CLANG_CXX_LANGUAGE_STANDARD = "gnu++0x";
				CLANG_CXX_LIBRARY = "libc++";
				CLANG_ENABLE_MODULES = YES;
				CLANG_ENABLE_OBJC_ARC = YES;
				CLANG_WARN_BOOL_CONVERSION = YES;
				CLANG_WARN_CONSTANT_CONVERSION = YES;
				CLANG_WARN_DIRECT_OBJC_ISA_USAGE = YES_ERROR;
				CLANG_WARN_EMPTY_BODY = YES;
				CLANG_WARN_ENUM_CONVERSION = YES;
				CLANG_WARN_INT_CONVERSION = YES;
				CLANG_WARN_OBJC_ROOT_CLASS = YES_ERROR;
				CLANG_WARN_UNREACHABLE_CODE = YES;
				CLANG_WARN__DUPLICATE_METHOD_MATCH = YES;
				COPY_PHASE_STRIP = NO;
				DEBUG_INFORMATION_FORMAT = dwarf;
				ENABLE_STRICT_OBJC_MSGSEND = YES;
				GCC_C_LANGUAGE_STANDARD = gnu99;
				GCC_DYNAMIC_NO_PIC = NO;
				GCC_NO_COMMON_BLOCKS = YES;
				GCC_OPTIMIZATION_LEVEL = 0;
				GCC_PREPROCESSOR_DEFINITIONS = (
					"DEBUG=1",
					"$(inherited)",
				);
				GCC_SYMBOLS_PRIVATE_EXTERN = NO;
				GCC_WARN_64_TO_32_BIT_CONVERSION = YES;
				GCC_WARN_ABOUT_RETURN_TYPE = YES_ERROR;
				GCC_WARN_UNDECLARED_SELECTOR = YES;
				GCC_WARN_UNINITIALIZED_AUTOS = YES_AGGRESSIVE;
				GCC_WARN_UNUSED_FUNCTION = YES;
				GCC_WARN_UNUSED_VARIABLE = YES;
				MACOSX_DEPLOYMENT_TARGET = 10.10;
				MTL_ENABLE_DEBUG_INFO = YES;
				ONLY_ACTIVE_ARCH = YES;
				SDKROOT = macosx;
			};
			name = Debug;
		};
		AC9B19BA1CFE1F7900AD17E6 /* Release */ = {
			isa = XCBuildConfiguration;
			buildSettings = {
				ALWAYS_SEARCH_USER_PATHS = NO;
				CLANG_CXX_LANGUAGE_STANDARD = "gnu++0x";
				CLANG_CXX_LIBRARY = "libc++";
				CLANG_ENABLE_MODULES = YES;
				CLANG_ENABLE_OBJC_ARC = YES;
				CLANG_WARN_BOOL_CONVERSION = YES;
				CLANG_WARN_CONSTANT_CONVERSION = YES;
				CLANG_WARN_DIRECT_OBJC_ISA_USAGE = YES_ERROR;
				CLANG_WARN_EMPTY_BODY = YES;
				CLANG_WARN_ENUM_CONVERSION = YES;
				CLANG_WARN_INT_CONVERSION = YES;
				CLANG_WARN_OBJC_ROOT_CLASS = YES_ERROR;
				CLANG_WARN_UNREACHABLE_CODE = YES;
				CLANG_WARN__DUPLICATE_METHOD_MATCH = YES;
				COPY_PHASE_STRIP = NO;
				DEBUG_INFORMATION_FORMAT = "dwarf-with-dsym";
				ENABLE_NS_ASSERTIONS = NO;
				ENABLE_STRICT_OBJC_MSGSEND = YES;
				GCC_C_LANGUAGE_STANDARD = gnu99;
				GCC_NO_COMMON_BLOCKS = YES;
				GCC_WARN_64_TO_32_BIT_CONVERSION = YES;
				GCC_WARN_ABOUT_RETURN_TYPE = YES_ERROR;
				GCC_WARN_UNDECLARED_SELECTOR = YES;
				GCC_WARN_UNINITIALIZED_AUTOS = YES_AGGRESSIVE;
				GCC_WARN_UNUSED_FUNCTION = YES;
				GCC_WARN_UNUSED_VARIABLE = YES;
				MACOSX_DEPLOYMENT_TARGET = 10.10;
				MTL_ENABLE_DEBUG_INFO = NO;
				SDKROOT = macosx;
			};
			name = Release;
		};
		AC9B19BC1CFE1F7900AD17E6 /* Debug */ = {
			isa = XCBuildConfiguration;
			buildSettings = {
				PRODUCT_NAME = "$(TARGET_NAME)";
			};
			name = Debug;
		};
		AC9B19BD1CFE1F7900AD17E6 /* Release */ = {
			isa = XCBuildConfiguration;
			buildSettings = {
				PRODUCT_NAME = "$(TARGET_NAME)";
			};
			name = Release;
		};
/* End XCBuildConfiguration section */

/* Begin XCConfigurationList section */
		AC9B19AF1CFE1F7900AD17E6 /* Build configuration list for PBXProject "CMPT307PermutationGeneration" */ = {
			isa = XCConfigurationList;
			buildConfigurations = (
				AC9B19B91CFE1F7900AD17E6 /* Debug */,
				AC9B19BA1CFE1F7900AD17E6 /* Release */,
			);
			defaultConfigurationIsVisible = 0;
			defaultConfigurationName = Release;
		};
		AC9B19BB1CFE1F7900AD17E6 /* Build configuration list for PBXNativeTarget "CMPT307PermutationGeneration" */ = {
			isa = XCConfigurationList;
			buildConfigurations = (
				AC9B19BC1CFE1F7900AD17E6 /* Debug */,
				AC9B19BD1CFE1F7900AD17E6 /* Release */,
			);
			defaultConfigurationIsVisible = 0;
		};
/* End XCConfigurationList section */
	};
	rootObject = AC9B19AC1CFE1F7900AD17E6 /* Project object */;
}
